{
  "nodes": {
    "drive": {
      "flake": false,
      "locked": {
        "lastModified": 1744495300,
        "narHash": "sha256-5kyxDO7h72no21MXUO9ntNy7zhvIYOtC/Jl39zTtRyA=",
        "ref": "main",
        "rev": "1ddd9538dd89e820d1c23e2f7b870973d7bc5801",
        "revCount": 23,
        "type": "git",
        "url": "ssh://git@github.com/chxoe/drive.git"
      },
      "original": {
        "ref": "main",
        "type": "git",
        "url": "ssh://git@github.com/chxoe/drive.git"
      }
    },
    "naersk": {
      "inputs": {
        "nixpkgs": "nixpkgs"
      },
      "locked": {
        "lastModified": 1743800763,
        "narHash": "sha256-YFKV+fxEpMgP5VsUcM6Il28lI0NlpM7+oB1XxbBAYCw=",
        "owner": "nix-community",
        "repo": "naersk",
        "rev": "ed0232117731a4c19d3ee93aa0c382a8fe754b01",
        "type": "github"
      },
      "original": {
        "owner": "nix-community",
        "repo": "naersk",
        "type": "github"
      }
    },
    "nixpkgs": {
      "locked": {
        "lastModified": 1744442362,
        "narHash": "sha256-i47t4DRIZgwBZw2Osbrp1OJhhO1k/n+QzRx+TrmfE9Y=",
        "owner": "NixOS",
        "repo": "nixpkgs",
        "rev": "2349f9de17183971db12ae9e0123dab132023bd7",
        "type": "github"
      },
      "original": {
        "owner": "NixOS",
        "ref": "nixpkgs-unstable",
        "repo": "nixpkgs",
        "type": "github"
      }
    },
    "nixpkgs_2": {
      "locked": {
        "lastModified": 1743827369,
        "narHash": "sha256-rpqepOZ8Eo1zg+KJeWoq1HAOgoMCDloqv5r2EAa9TSA=",
        "owner": "nixos",
        "repo": "nixpkgs",
        "rev": "42a1c966be226125b48c384171c44c651c236c22",
        "type": "github"
      },
      "original": {
        "owner": "nixos",
        "ref": "nixos-unstable",
        "repo": "nixpkgs",
        "type": "github"
      }
    },
    "private": {
      "locked": {
        "lastModified": 1743884786,
        "narHash": "sha256-cVeTcPV+wp0MiPUvywSiJgMoo32gGxK5d7oY+y4BQ7A=",
        "ref": "main",
        "rev": "c051837b95c65d30d136d79ede11df27a2cc3b50",
        "revCount": 6,
        "type": "git",
        "url": "ssh://git@github.com/chxoe/nix-vms-private.git"
      },
      "original": {
        "ref": "main",
        "type": "git",
        "url": "ssh://git@github.com/chxoe/nix-vms-private.git"
      }
    },
    "root": {
      "inputs": {
        "drive": "drive",
        "naersk": "naersk",
        "nixpkgs": "nixpkgs_2",
        "private": "private"
      }
    }
  },
  "root": "root",
  "version": 7
}
