{
  "nodes": {
    "drive": {
      "flake": false,
      "locked": {
        "lastModified": 1745020538,
        "narHash": "sha256-OSiwXDlhZddPA89UvqmEKIW8+xSrccX5vIQPhf7Wqcc=",
        "ref": "main",
        "rev": "a1b19197cfbd9e9a4f74ac94857524430adb3347",
        "revCount": 31,
        "type": "git",
        "url": "ssh://git@github.com/chxoe/drive.git"
      },
      "original": {
        "ref": "main",
        "type": "git",
        "url": "ssh://git@github.com/chxoe/drive.git"
      }
    },
    "naersk": {
      "inputs": {
        "nixpkgs": "nixpkgs"
      },
      "locked": {
        "lastModified": 1743800763,
        "narHash": "sha256-YFKV+fxEpMgP5VsUcM6Il28lI0NlpM7+oB1XxbBAYCw=",
        "owner": "nix-community",
        "repo": "naersk",
        "rev": "ed0232117731a4c19d3ee93aa0c382a8fe754b01",
        "type": "github"
      },
      "original": {
        "owner": "nix-community",
        "repo": "naersk",
        "type": "github"
      }
    },
    "nixpkgs": {
      "locked": {
        "lastModified": 1744536153,
        "narHash": "sha256-awS2zRgF4uTwrOKwwiJcByDzDOdo3Q1rPZbiHQg/N38=",
        "owner": "NixOS",
        "repo": "nixpkgs",
        "rev": "18dd725c29603f582cf1900e0d25f9f1063dbf11",
        "type": "github"
      },
      "original": {
        "owner": "NixOS",
        "ref": "nixpkgs-unstable",
        "repo": "nixpkgs",
        "type": "github"
      }
    },
    "nixpkgs_2": {
      "locked": {
        "lastModified": 1744932701,
        "narHash": "sha256-fusHbZCyv126cyArUwwKrLdCkgVAIaa/fQJYFlCEqiU=",
        "owner": "nixos",
        "repo": "nixpkgs",
        "rev": "b024ced1aac25639f8ca8fdfc2f8c4fbd66c48ef",
        "type": "github"
      },
      "original": {
        "owner": "nixos",
        "ref": "nixos-unstable",
        "repo": "nixpkgs",
        "type": "github"
      }
    },
    "private": {
      "locked": {
        "lastModified": 1743884786,
        "narHash": "sha256-cVeTcPV+wp0MiPUvywSiJgMoo32gGxK5d7oY+y4BQ7A=",
        "ref": "main",
        "rev": "c051837b95c65d30d136d79ede11df27a2cc3b50",
        "revCount": 6,
        "type": "git",
        "url": "ssh://git@github.com/chxoe/nix-vms-private.git"
      },
      "original": {
        "ref": "main",
        "type": "git",
        "url": "ssh://git@github.com/chxoe/nix-vms-private.git"
      }
    },
    "root": {
      "inputs": {
        "drive": "drive",
        "naersk": "naersk",
        "nixpkgs": "nixpkgs_2",
        "private": "private"
      }
    }
  },
  "root": "root",
  "version": 7
}
