{
  "nodes": {
    "nixpkgs": {
      "locked": {
        "lastModified": 1743827369,
        "narHash": "sha256-rpqepOZ8Eo1zg+KJeWoq1HAOgoMCDloqv5r2EAa9TSA=",
        "owner": "nixos",
        "repo": "nixpkgs",
        "rev": "42a1c966be226125b48c384171c44c651c236c22",
        "type": "github"
      },
      "original": {
        "owner": "nixos",
        "ref": "nixos-unstable",
        "repo": "nixpkgs",
        "type": "github"
      }
    },
    "private": {
      "locked": {
        "lastModified": 1743884786,
        "narHash": "sha256-cVeTcPV+wp0MiPUvywSiJgMoo32gGxK5d7oY+y4BQ7A=",
        "ref": "refs/heads/main",
        "rev": "c051837b95c65d30d136d79ede11df27a2cc3b50",
        "revCount": 6,
        "type": "git",
        "url": "ssh://git@github.com/chxoe/nix-vms-private.git"
      },
      "original": {
        "type": "git",
        "url": "ssh://git@github.com/chxoe/nix-vms-private.git"
      }
    },
    "root": {
      "inputs": {
        "nixpkgs": "nixpkgs",
        "private": "private"
      }
    }
  },
  "root": "root",
  "version": 7
}
